
Microsoft Visual Studio Solution File, Format Version 12.00
# Visual Studio Version 16
VisualStudioVersion = 16.0.31624.102
MinimumVisualStudioVersion = 10.0.40219.1
Project("{FAE04EC0-301F-11D3-BF4B-00C04F79EFBC}") = "SOLID Exercise", "SOLID Exercise\SOLID Exercise.csproj", "{B6DABB7F-F8B1-491D-8ACA-C4EE3C2FED29}"
EndProject
Global
	GlobalSection(SolutionConfigurationPlatforms) = preSolution
		Debug|Any CPU = Debug|Any CPU
		Release|Any CPU = Release|Any CPU
	EndGlobalSection
	GlobalSection(ProjectConfigurationPlatforms) = postSolution
		{B6DABB7F-F8B1-491D-8ACA-C4EE3C2FED29}.Debug|Any CPU.ActiveCfg = Debug|Any CPU
		{B6DABB7F-F8B1-491D-8ACA-C4EE3C2FED29}.Debug|Any CPU.Build.0 = Debug|Any CPU
		{B6DABB7F-F8B1-491D-8ACA-C4EE3C2FED29}.Release|Any CPU.ActiveCfg = Release|Any CPU
		{B6DABB7F-F8B1-491D-8ACA-C4EE3C2FED29}.Release|Any CPU.Build.0 = Release|Any CPU
	EndGlobalSection
	GlobalSection(SolutionProperties) = preSolution
		HideSolutionNode = FALSE
	EndGlobalSection
	GlobalSection(ExtensibilityGlobals) = postSolution
		SolutionGuid = {5E45A575-A8CD-47B4-B51F-016D0A2FA268}
	EndGlobalSection
EndGlobal
