
Microsoft Visual Studio Solution File, Format Version 12.00
# Visual Studio Version 16
VisualStudioVersion = 16.0.31624.102
MinimumVisualStudioVersion = 10.0.40219.1
Project("{9A19103F-16F7-4668-BE54-9A1E7A4F7556}") = "MilitaryElite", "MilitaryElite\MilitaryElite.csproj", "{C6CA433A-437E-4CC2-BD41-45B3FB93092C}"
EndProject
Project("{9A19103F-16F7-4668-BE54-9A1E7A4F7556}") = "DefineAnInterface", "DefineAnInterface\DefineAnInterface.csproj", "{DA5BE324-6AE1-450A-AF46-845EDA10CB7B}"
EndProject
Project("{9A19103F-16F7-4668-BE54-9A1E7A4F7556}") = "MultipleImplementation", "MultipleImplementation\MultipleImplementation.csproj", "{86EADC6C-927C-4B98-A026-01B29F619041}"
EndProject
Project("{9A19103F-16F7-4668-BE54-9A1E7A4F7556}") = "BorderControl", "BorderControl\BorderControl.csproj", "{E754B84D-F4B5-41D2-85DC-6A10FB062FB9}"
EndProject
Project("{FAE04EC0-301F-11D3-BF4B-00C04F79EFBC}") = "Telephony", "Telephony\Telephony.csproj", "{C6B00FDF-29FE-40D0-A278-43A3DD39907E}"
EndProject
Project("{FAE04EC0-301F-11D3-BF4B-00C04F79EFBC}") = "BirthdayCelebrations", "BirthdayCelebrations\BirthdayCelebrations.csproj", "{79D7C463-44C9-472D-A9F8-5BC17CA1C14F}"
EndProject
Project("{FAE04EC0-301F-11D3-BF4B-00C04F79EFBC}") = "FoodShortage", "FoodShortage\FoodShortage.csproj", "{BD573506-032C-4CA0-9DF4-B305D7CB8746}"
EndProject
Global
	GlobalSection(SolutionConfigurationPlatforms) = preSolution
		Debug|Any CPU = Debug|Any CPU
		Release|Any CPU = Release|Any CPU
	EndGlobalSection
	GlobalSection(ProjectConfigurationPlatforms) = postSolution
		{C6CA433A-437E-4CC2-BD41-45B3FB93092C}.Debug|Any CPU.ActiveCfg = Debug|Any CPU
		{C6CA433A-437E-4CC2-BD41-45B3FB93092C}.Debug|Any CPU.Build.0 = Debug|Any CPU
		{C6CA433A-437E-4CC2-BD41-45B3FB93092C}.Release|Any CPU.ActiveCfg = Release|Any CPU
		{C6CA433A-437E-4CC2-BD41-45B3FB93092C}.Release|Any CPU.Build.0 = Release|Any CPU
		{DA5BE324-6AE1-450A-AF46-845EDA10CB7B}.Debug|Any CPU.ActiveCfg = Debug|Any CPU
		{DA5BE324-6AE1-450A-AF46-845EDA10CB7B}.Debug|Any CPU.Build.0 = Debug|Any CPU
		{DA5BE324-6AE1-450A-AF46-845EDA10CB7B}.Release|Any CPU.ActiveCfg = Release|Any CPU
		{DA5BE324-6AE1-450A-AF46-845EDA10CB7B}.Release|Any CPU.Build.0 = Release|Any CPU
		{86EADC6C-927C-4B98-A026-01B29F619041}.Debug|Any CPU.ActiveCfg = Debug|Any CPU
		{86EADC6C-927C-4B98-A026-01B29F619041}.Debug|Any CPU.Build.0 = Debug|Any CPU
		{86EADC6C-927C-4B98-A026-01B29F619041}.Release|Any CPU.ActiveCfg = Release|Any CPU
		{86EADC6C-927C-4B98-A026-01B29F619041}.Release|Any CPU.Build.0 = Release|Any CPU
		{E754B84D-F4B5-41D2-85DC-6A10FB062FB9}.Debug|Any CPU.ActiveCfg = Debug|Any CPU
		{E754B84D-F4B5-41D2-85DC-6A10FB062FB9}.Debug|Any CPU.Build.0 = Debug|Any CPU
		{E754B84D-F4B5-41D2-85DC-6A10FB062FB9}.Release|Any CPU.ActiveCfg = Release|Any CPU
		{E754B84D-F4B5-41D2-85DC-6A10FB062FB9}.Release|Any CPU.Build.0 = Release|Any CPU
		{C6B00FDF-29FE-40D0-A278-43A3DD39907E}.Debug|Any CPU.ActiveCfg = Debug|Any CPU
		{C6B00FDF-29FE-40D0-A278-43A3DD39907E}.Debug|Any CPU.Build.0 = Debug|Any CPU
		{C6B00FDF-29FE-40D0-A278-43A3DD39907E}.Release|Any CPU.ActiveCfg = Release|Any CPU
		{C6B00FDF-29FE-40D0-A278-43A3DD39907E}.Release|Any CPU.Build.0 = Release|Any CPU
		{79D7C463-44C9-472D-A9F8-5BC17CA1C14F}.Debug|Any CPU.ActiveCfg = Debug|Any CPU
		{79D7C463-44C9-472D-A9F8-5BC17CA1C14F}.Debug|Any CPU.Build.0 = Debug|Any CPU
		{79D7C463-44C9-472D-A9F8-5BC17CA1C14F}.Release|Any CPU.ActiveCfg = Release|Any CPU
		{79D7C463-44C9-472D-A9F8-5BC17CA1C14F}.Release|Any CPU.Build.0 = Release|Any CPU
		{BD573506-032C-4CA0-9DF4-B305D7CB8746}.Debug|Any CPU.ActiveCfg = Debug|Any CPU
		{BD573506-032C-4CA0-9DF4-B305D7CB8746}.Debug|Any CPU.Build.0 = Debug|Any CPU
		{BD573506-032C-4CA0-9DF4-B305D7CB8746}.Release|Any CPU.ActiveCfg = Release|Any CPU
		{BD573506-032C-4CA0-9DF4-B305D7CB8746}.Release|Any CPU.Build.0 = Release|Any CPU
	EndGlobalSection
	GlobalSection(SolutionProperties) = preSolution
		HideSolutionNode = FALSE
	EndGlobalSection
	GlobalSection(ExtensibilityGlobals) = postSolution
		SolutionGuid = {3FDEA15A-7063-48CD-89B5-043E4906670F}
	EndGlobalSection
EndGlobal
