
Microsoft Visual Studio Solution File, Format Version 12.00
# Visual Studio Version 16
VisualStudioVersion = 16.0.31624.102
MinimumVisualStudioVersion = 10.0.40219.1
Project("{9A19103F-16F7-4668-BE54-9A1E7A4F7556}") = "Person", "Person\Person.csproj", "{245F6B37-2A89-44E0-84A5-3DAF1CC2D483}"
EndProject
Project("{9A19103F-16F7-4668-BE54-9A1E7A4F7556}") = "Zoo", "Zoo\Zoo.csproj", "{56206422-2FB3-4B12-9273-D4FB94A55A80}"
EndProject
Project("{9A19103F-16F7-4668-BE54-9A1E7A4F7556}") = "PlayersAndMonsters", "PlayersAndMonsters\PlayersAndMonsters.csproj", "{AD5C3A4F-3890-47AB-8830-AEFC6AC9A957}"
EndProject
Project("{9A19103F-16F7-4668-BE54-9A1E7A4F7556}") = "NeedForSpeed", "NeedForSpeed\NeedForSpeed.csproj", "{95F591E8-FCC2-4BC2-A50E-05C8BC3BF915}"
EndProject
Project("{FAE04EC0-301F-11D3-BF4B-00C04F79EFBC}") = "Restaurant", "Restaurant\Restaurant.csproj", "{5F7FAFFE-8B0F-46B5-AF5E-2AB5F8F879A6}"
EndProject
Global
	GlobalSection(SolutionConfigurationPlatforms) = preSolution
		Debug|Any CPU = Debug|Any CPU
		Release|Any CPU = Release|Any CPU
	EndGlobalSection
	GlobalSection(ProjectConfigurationPlatforms) = postSolution
		{245F6B37-2A89-44E0-84A5-3DAF1CC2D483}.Debug|Any CPU.ActiveCfg = Debug|Any CPU
		{245F6B37-2A89-44E0-84A5-3DAF1CC2D483}.Debug|Any CPU.Build.0 = Debug|Any CPU
		{245F6B37-2A89-44E0-84A5-3DAF1CC2D483}.Release|Any CPU.ActiveCfg = Release|Any CPU
		{245F6B37-2A89-44E0-84A5-3DAF1CC2D483}.Release|Any CPU.Build.0 = Release|Any CPU
		{56206422-2FB3-4B12-9273-D4FB94A55A80}.Debug|Any CPU.ActiveCfg = Debug|Any CPU
		{56206422-2FB3-4B12-9273-D4FB94A55A80}.Debug|Any CPU.Build.0 = Debug|Any CPU
		{56206422-2FB3-4B12-9273-D4FB94A55A80}.Release|Any CPU.ActiveCfg = Release|Any CPU
		{56206422-2FB3-4B12-9273-D4FB94A55A80}.Release|Any CPU.Build.0 = Release|Any CPU
		{AD5C3A4F-3890-47AB-8830-AEFC6AC9A957}.Debug|Any CPU.ActiveCfg = Debug|Any CPU
		{AD5C3A4F-3890-47AB-8830-AEFC6AC9A957}.Debug|Any CPU.Build.0 = Debug|Any CPU
		{AD5C3A4F-3890-47AB-8830-AEFC6AC9A957}.Release|Any CPU.ActiveCfg = Release|Any CPU
		{AD5C3A4F-3890-47AB-8830-AEFC6AC9A957}.Release|Any CPU.Build.0 = Release|Any CPU
		{95F591E8-FCC2-4BC2-A50E-05C8BC3BF915}.Debug|Any CPU.ActiveCfg = Debug|Any CPU
		{95F591E8-FCC2-4BC2-A50E-05C8BC3BF915}.Debug|Any CPU.Build.0 = Debug|Any CPU
		{95F591E8-FCC2-4BC2-A50E-05C8BC3BF915}.Release|Any CPU.ActiveCfg = Release|Any CPU
		{95F591E8-FCC2-4BC2-A50E-05C8BC3BF915}.Release|Any CPU.Build.0 = Release|Any CPU
		{5F7FAFFE-8B0F-46B5-AF5E-2AB5F8F879A6}.Debug|Any CPU.ActiveCfg = Debug|Any CPU
		{5F7FAFFE-8B0F-46B5-AF5E-2AB5F8F879A6}.Debug|Any CPU.Build.0 = Debug|Any CPU
		{5F7FAFFE-8B0F-46B5-AF5E-2AB5F8F879A6}.Release|Any CPU.ActiveCfg = Release|Any CPU
		{5F7FAFFE-8B0F-46B5-AF5E-2AB5F8F879A6}.Release|Any CPU.Build.0 = Release|Any CPU
	EndGlobalSection
	GlobalSection(SolutionProperties) = preSolution
		HideSolutionNode = FALSE
	EndGlobalSection
	GlobalSection(ExtensibilityGlobals) = postSolution
		SolutionGuid = {82BF8B3B-D555-494E-9F0F-95FCB7C1D04A}
	EndGlobalSection
EndGlobal
